
Microsoft Visual Studio Solution File, Format Version 12.00
# Visual Studio Version 17
VisualStudioVersion = 17.8.34330.188
MinimumVisualStudioVersion = 10.0.40219.1
Project("{888888A0-9F3D-457C-B088-3A5042F75D52}") = "kv_ur", "kv_ur\kv_ur.pyproj", "{7E2AFFF2-38FF-4BE6-8BEA-16FF47DBDFB8}"
EndProject
Global
	GlobalSection(SolutionConfigurationPlatforms) = preSolution
		Debug|Any CPU = Debug|Any CPU
		Release|Any CPU = Release|Any CPU
	EndGlobalSection
	GlobalSection(ProjectConfigurationPlatforms) = postSolution
		{7E2AFFF2-38FF-4BE6-8BEA-16FF47DBDFB8}.Debug|Any CPU.ActiveCfg = Debug|Any CPU
		{7E2AFFF2-38FF-4BE6-8BEA-16FF47DBDFB8}.Release|Any CPU.ActiveCfg = Release|Any CPU
	EndGlobalSection
	GlobalSection(SolutionProperties) = preSolution
		HideSolutionNode = FALSE
	EndGlobalSection
	GlobalSection(ExtensibilityGlobals) = postSolution
		SolutionGuid = {F0885DEE-7A97-420B-924B-9C8AD658A938}
	EndGlobalSection
EndGlobal
